<?xml version="1.0" encoding="utf-8"?>
<Project ToolsVersion="4.0" xmlns="http://schemas.microsoft.com/developer/msbuild/2003">
  <ItemGroup>
    <Filter Include="Csv">
      <UniqueIdentifier>{888c6303-7729-4d8e-80eb-385dc3f7eacf}</UniqueIdentifier>
    </Filter>
    <Filter Include="Logic">
      <UniqueIdentifier>{5356ee91-e343-49b2-85fe-a85c17cdd52f}</UniqueIdentifier>
    </Filter>
    <Filter Include="CsvReader">
      <UniqueIdentifier>{9e409670-c060-462a-ba56-75c528280fa6}</UniqueIdentifier>
    </Filter>
    <Filter Include="app">
      <UniqueIdentifier>{7b7f2c1d-e8ac-4bc7-a1bf-2cc40d61ad2d}</UniqueIdentifier>
    </Filter>
    <Filter Include="MyApp">
      <UniqueIdentifier>{220a8c6c-5dad-4f4a-9fab-7ae51f403156}</UniqueIdentifier>
    </Filter>
  </ItemGroup>
  <ItemGroup>
    <ClCompile Include="src\EntityCsv.cpp">
      <Filter>Csv</Filter>
    </ClCompile>
    <ClCompile Include="src\EntityCsvManager.cpp">
      <Filter>Csv</Filter>
    </ClCompile>
    <ClCompile Include="src\EntityBase.cpp">
      <Filter>Logic</Filter>
    </ClCompile>
    <ClCompile Include="src\csvReader.cpp">
      <Filter>CsvReader</Filter>
    </ClCompile>
    <ClCompile Include="src\BaseApplication.cpp">
      <Filter>app</Filter>
    </ClCompile>
    <ClCompile Include="src\EntityBaseManager.cpp">
      <Filter>Logic</Filter>
    </ClCompile>
    <ClCompile Include="src\TutorialApplication.cpp">
      <Filter>MyApp</Filter>
    </ClCompile>
    <ClCompile Include="src\Example25FrameListener.cpp">
      <Filter>MyApp</Filter>
    </ClCompile>
  </ItemGroup>
  <ItemGroup>
    <ClInclude Include="src\EntityCsv.h">
      <Filter>Csv</Filter>
    </ClInclude>
    <ClInclude Include="src\EntityCsvManager.h">
      <Filter>Csv</Filter>
    </ClInclude>
    <ClInclude Include="src\EntityBase.h">
      <Filter>Logic</Filter>
    </ClInclude>
    <ClInclude Include="src\csvReader.h">
      <Filter>CsvReader</Filter>
    </ClInclude>
    <ClInclude Include="src\BaseApplication.h">
      <Filter>app</Filter>
    </ClInclude>
    <ClInclude Include="src\EntityBaseManager.h">
      <Filter>Logic</Filter>
    </ClInclude>
    <ClInclude Include="src\TutorialApplication.h">
      <Filter>MyApp</Filter>
    </ClInclude>
    <ClInclude Include="src\Example25FrameListener.h">
      <Filter>MyApp</Filter>
    </ClInclude>
  </ItemGroup>
</Project>